
Microsoft Visual Studio Solution File, Format Version 12.00
# Visual Studio 2013
VisualStudioVersion = 12.0.40629.0
MinimumVisualStudioVersion = 10.0.40219.1
Project("{8BC9CEB8-8B4A-11D0-8D11-00A0C91BC942}") = "FFMpegWrapper", "FFMpegWrapper\FFMpegWrapper.vcxproj", "{FD7A41A1-69AB-4FFB-B03A-9F255F47AFCF}"
EndProject
Project("{FAE04EC0-301F-11D3-BF4B-00C04F79EFBC}") = "WpfExample", "WpfExample\WpfExample.csproj", "{85AC340C-5F63-4198-9BC5-B7DF8E113BC7}"
EndProject
Global
	GlobalSection(SolutionConfigurationPlatforms) = preSolution
		Debug|x64 = Debug|x64
		Debug|x86 = Debug|x86
		Release|x64 = Release|x64
		Release|x86 = Release|x86
	EndGlobalSection
	GlobalSection(ProjectConfigurationPlatforms) = postSolution
		{FD7A41A1-69AB-4FFB-B03A-9F255F47AFCF}.Debug|x64.ActiveCfg = Debug|x64
		{FD7A41A1-69AB-4FFB-B03A-9F255F47AFCF}.Debug|x64.Build.0 = Debug|x64
		{FD7A41A1-69AB-4FFB-B03A-9F255F47AFCF}.Debug|x86.ActiveCfg = Debug|Win32
		{FD7A41A1-69AB-4FFB-B03A-9F255F47AFCF}.Debug|x86.Build.0 = Debug|Win32
		{FD7A41A1-69AB-4FFB-B03A-9F255F47AFCF}.Release|x64.ActiveCfg = Release|x64
		{FD7A41A1-69AB-4FFB-B03A-9F255F47AFCF}.Release|x64.Build.0 = Release|x64
		{FD7A41A1-69AB-4FFB-B03A-9F255F47AFCF}.Release|x86.ActiveCfg = Release|Win32
		{FD7A41A1-69AB-4FFB-B03A-9F255F47AFCF}.Release|x86.Build.0 = Release|Win32
		{85AC340C-5F63-4198-9BC5-B7DF8E113BC7}.Debug|x64.ActiveCfg = Debug|x64
		{85AC340C-5F63-4198-9BC5-B7DF8E113BC7}.Debug|x86.ActiveCfg = Debug|x86
		{85AC340C-5F63-4198-9BC5-B7DF8E113BC7}.Release|x64.ActiveCfg = Release|x64
		{85AC340C-5F63-4198-9BC5-B7DF8E113BC7}.Release|x86.ActiveCfg = Release|x86
	EndGlobalSection
	GlobalSection(SolutionProperties) = preSolution
		HideSolutionNode = FALSE
	EndGlobalSection
EndGlobal
